
Microsoft Visual Studio Solution File, Format Version 11.00
# Visual Studio 2010
Project("{FAE04EC0-301F-11D3-BF4B-00C04F79EFBC}") = "DrawASCIShapes", "DrawASCIShapes\DrawASCIShapes.csproj", "{433273C5-BF8A-44FC-835A-93E0298B6AC3}"
EndProject
Global
	GlobalSection(TestCaseManagementSettings) = postSolution
		CategoryFile = DrawASCIShapes.vsmdi
	EndGlobalSection
	GlobalSection(SolutionConfigurationPlatforms) = preSolution
		Debug|Any CPU = Debug|Any CPU
		Release|Any CPU = Release|Any CPU
	EndGlobalSection
	GlobalSection(ProjectConfigurationPlatforms) = postSolution
		{433273C5-BF8A-44FC-835A-93E0298B6AC3}.Debug|Any CPU.ActiveCfg = Debug|Any CPU
		{433273C5-BF8A-44FC-835A-93E0298B6AC3}.Debug|Any CPU.Build.0 = Debug|Any CPU
		{433273C5-BF8A-44FC-835A-93E0298B6AC3}.Release|Any CPU.ActiveCfg = Release|Any CPU
		{433273C5-BF8A-44FC-835A-93E0298B6AC3}.Release|Any CPU.Build.0 = Release|Any CPU
	EndGlobalSection
	GlobalSection(SolutionProperties) = preSolution
		HideSolutionNode = FALSE
	EndGlobalSection
EndGlobal
